
Microsoft Visual Studio Solution File, Format Version 12.00
# Visual Studio Version 17
VisualStudioVersion = 17.9.34728.123
MinimumVisualStudioVersion = 10.0.40219.1
Project("{FAE04EC0-301F-11D3-BF4B-00C04F79EFBC}") = "SCOM.Exporter", "SCOM.Exporter\SCOM.Exporter.csproj", "{FF9996A6-1C23-4919-BAFE-B8C3996CF2D3}"
EndProject
Project("{FAE04EC0-301F-11D3-BF4B-00C04F79EFBC}") = "SCOM.Exporter.Debug", "SCOM.Exporter.Debug\SCOM.Exporter.Debug.csproj", "{0C016269-E0C0-4A19-8856-CBDED18B4CE0}"
EndProject
Project("{FAE04EC0-301F-11D3-BF4B-00C04F79EFBC}") = "SCOM.Exporter.Service", "SCOM.Exporter.Service\SCOM.Exporter.Service.csproj", "{76B2DEB5-1EE2-4156-A068-A605E3E1242F}"
EndProject
Global
	GlobalSection(SolutionConfigurationPlatforms) = preSolution
		Debug|Any CPU = Debug|Any CPU
		Release|Any CPU = Release|Any CPU
	EndGlobalSection
	GlobalSection(ProjectConfigurationPlatforms) = postSolution
		{FF9996A6-1C23-4919-BAFE-B8C3996CF2D3}.Debug|Any CPU.ActiveCfg = Debug|Any CPU
		{FF9996A6-1C23-4919-BAFE-B8C3996CF2D3}.Debug|Any CPU.Build.0 = Debug|Any CPU
		{FF9996A6-1C23-4919-BAFE-B8C3996CF2D3}.Release|Any CPU.ActiveCfg = Release|Any CPU
		{FF9996A6-1C23-4919-BAFE-B8C3996CF2D3}.Release|Any CPU.Build.0 = Release|Any CPU
		{0C016269-E0C0-4A19-8856-CBDED18B4CE0}.Debug|Any CPU.ActiveCfg = Debug|Any CPU
		{0C016269-E0C0-4A19-8856-CBDED18B4CE0}.Debug|Any CPU.Build.0 = Debug|Any CPU
		{0C016269-E0C0-4A19-8856-CBDED18B4CE0}.Release|Any CPU.ActiveCfg = Release|Any CPU
		{0C016269-E0C0-4A19-8856-CBDED18B4CE0}.Release|Any CPU.Build.0 = Release|Any CPU
		{76B2DEB5-1EE2-4156-A068-A605E3E1242F}.Debug|Any CPU.ActiveCfg = Debug|Any CPU
		{76B2DEB5-1EE2-4156-A068-A605E3E1242F}.Debug|Any CPU.Build.0 = Debug|Any CPU
		{76B2DEB5-1EE2-4156-A068-A605E3E1242F}.Release|Any CPU.ActiveCfg = Release|Any CPU
		{76B2DEB5-1EE2-4156-A068-A605E3E1242F}.Release|Any CPU.Build.0 = Release|Any CPU
	EndGlobalSection
	GlobalSection(SolutionProperties) = preSolution
		HideSolutionNode = FALSE
	EndGlobalSection
	GlobalSection(ExtensibilityGlobals) = postSolution
		SolutionGuid = {90FAE7DB-DB2A-408C-B559-2C6D21478CD0}
	EndGlobalSection
EndGlobal
